// !$*UTF8*$!
{
	archiveVersion = 1;
	classes = {
	};
	objectVersion = 50;
	objects = {

/* Begin PBXBuildFile section */
		980E131325C3A7C8009F8489 /* ESPSApp.swift in Sources */ = {isa = PBXBuildFile; fileRef = 980E131225C3A7C8009F8489 /* ESPSApp.swift */; };
		980E131525C3A7C8009F8489 /* ContentView.swift in Sources */ = {isa = PBXBuildFile; fileRef = 980E131425C3A7C8009F8489 /* ContentView.swift */; };
		980E131725C3A7CB009F8489 /* Assets.xcassets in Resources */ = {isa = PBXBuildFile; fileRef = 980E131625C3A7CB009F8489 /* Assets.xcassets */; };
		980E131A25C3A7CB009F8489 /* Preview Assets.xcassets in Resources */ = {isa = PBXBuildFile; fileRef = 980E131925C3A7CB009F8489 /* Preview Assets.xcassets */; };
		980E132625C3E6CA009F8489 /* RecipesView.swift in Sources */ = {isa = PBXBuildFile; fileRef = 980E132525C3E6CA009F8489 /* RecipesView.swift */; };
		9815A7F025C8AFC700A66C58 /* RecipesData.swift in Sources */ = {isa = PBXBuildFile; fileRef = 9815A7EF25C8AFC700A66C58 /* RecipesData.swift */; };
		9815A7F325C8AFD200A66C58 /* RecipeDetails.swift in Sources */ = {isa = PBXBuildFile; fileRef = 9815A7F225C8AFD200A66C58 /* RecipeDetails.swift */; };
		984932A725FB27AC0093BDF9 /* ActivityDetailsView.swift in Sources */ = {isa = PBXBuildFile; fileRef = 984932A625FB27AC0093BDF9 /* ActivityDetailsView.swift */; };
		984DCAFD25DF797F0059531D /* Website.swift in Sources */ = {isa = PBXBuildFile; fileRef = 984DCAFC25DF797F0059531D /* Website.swift */; };
		9861C25525CA08CF0056772B /* SearchBar.swift in Sources */ = {isa = PBXBuildFile; fileRef = 9861C25425CA08CF0056772B /* SearchBar.swift */; };
		9861C25825CA0E060056772B /* ViewControllerResolver.swift in Sources */ = {isa = PBXBuildFile; fileRef = 9861C25725CA0E060056772B /* ViewControllerResolver.swift */; };
		9861C25B25CA23A10056772B /* CheckBoxField.swift in Sources */ = {isa = PBXBuildFile; fileRef = 9861C25A25CA23A10056772B /* CheckBoxField.swift */; };
		9871C39E26004B3E00A63B8D /* PolicyData.swift in Sources */ = {isa = PBXBuildFile; fileRef = 9871C39D26004B3E00A63B8D /* PolicyData.swift */; };
		988B25FD264FD8E600B01D36 /* varela.ttf in Resources */ = {isa = PBXBuildFile; fileRef = 988B25FC264FD8E600B01D36 /* varela.ttf */; };
		988B2600264FDBEA00B01D36 /* optima.ttf in Resources */ = {isa = PBXBuildFile; fileRef = 988B25FF264FDBEA00B01D36 /* optima.ttf */; };
		988B2607264FDD8E00B01D36 /* cabin.ttf in Resources */ = {isa = PBXBuildFile; fileRef = 988B2606264FDD8E00B01D36 /* cabin.ttf */; };
		9896D08625D08B7C008C1BC6 /* Colors.xcassets in Resources */ = {isa = PBXBuildFile; fileRef = 9896D08525D08B7C008C1BC6 /* Colors.xcassets */; };
		9897AAD425CB800100BC82A4 /* GeneralInfoView.swift in Sources */ = {isa = PBXBuildFile; fileRef = 9897AAD325CB800100BC82A4 /* GeneralInfoView.swift */; };
		9897AAD725CB801E00BC82A4 /* UsefulWebsiteView.swift in Sources */ = {isa = PBXBuildFile; fileRef = 9897AAD625CB801E00BC82A4 /* UsefulWebsiteView.swift */; };
		9897AADA25CB802D00BC82A4 /* PoliciesView.swift in Sources */ = {isa = PBXBuildFile; fileRef = 9897AAD925CB802D00BC82A4 /* PoliciesView.swift */; };
		9897AADD25CB803800BC82A4 /* MenuPlanningView.swift in Sources */ = {isa = PBXBuildFile; fileRef = 9897AADC25CB803800BC82A4 /* MenuPlanningView.swift */; };
		9897AAE125CB807300BC82A4 /* ActivitiesView.swift in Sources */ = {isa = PBXBuildFile; fileRef = 9897AAE025CB807300BC82A4 /* ActivitiesView.swift */; };
		98BB2FCA25F8483A0021FDEC /* ActivityData.swift in Sources */ = {isa = PBXBuildFile; fileRef = 98BB2FC925F8483A0021FDEC /* ActivityData.swift */; };
		98CFC64025DB7AAE0081F0D0 /* EmailHelper.swift in Sources */ = {isa = PBXBuildFile; fileRef = 98CFC63F25DB7AAE0081F0D0 /* EmailHelper.swift */; };
/* End PBXBuildFile section */

/* Begin PBXFileReference section */
		980E130F25C3A7C8009F8489 /* ESPS.app */ = {isa = PBXFileReference; explicitFileType = wrapper.application; includeInIndex = 0; path = ESPS.app; sourceTree = BUILT_PRODUCTS_DIR; };
		980E131225C3A7C8009F8489 /* ESPSApp.swift */ = {isa = PBXFileReference; lastKnownFileType = sourcecode.swift; path = ESPSApp.swift; sourceTree = "<group>"; };
		980E131425C3A7C8009F8489 /* ContentView.swift */ = {isa = PBXFileReference; lastKnownFileType = sourcecode.swift; path = ContentView.swift; sourceTree = "<group>"; };
		980E131625C3A7CB009F8489 /* Assets.xcassets */ = {isa = PBXFileReference; lastKnownFileType = folder.assetcatalog; path = Assets.xcassets; sourceTree = "<group>"; };
		980E131925C3A7CB009F8489 /* Preview Assets.xcassets */ = {isa = PBXFileReference; lastKnownFileType = folder.assetcatalog; path = "Preview Assets.xcassets"; sourceTree = "<group>"; };
		980E131B25C3A7CB009F8489 /* Info.plist */ = {isa = PBXFileReference; lastKnownFileType = text.plist.xml; path = Info.plist; sourceTree = "<group>"; };
		980E132525C3E6CA009F8489 /* RecipesView.swift */ = {isa = PBXFileReference; lastKnownFileType = sourcecode.swift; path = RecipesView.swift; sourceTree = "<group>"; };
		9815A7EF25C8AFC700A66C58 /* RecipesData.swift */ = {isa = PBXFileReference; lastKnownFileType = sourcecode.swift; path = RecipesData.swift; sourceTree = "<group>"; };
		9815A7F225C8AFD200A66C58 /* RecipeDetails.swift */ = {isa = PBXFileReference; lastKnownFileType = sourcecode.swift; path = RecipeDetails.swift; sourceTree = "<group>"; };
		984932A625FB27AC0093BDF9 /* ActivityDetailsView.swift */ = {isa = PBXFileReference; lastKnownFileType = sourcecode.swift; path = ActivityDetailsView.swift; sourceTree = "<group>"; };
		984DCAFC25DF797F0059531D /* Website.swift */ = {isa = PBXFileReference; lastKnownFileType = sourcecode.swift; path = Website.swift; sourceTree = "<group>"; };
		9861C25425CA08CF0056772B /* SearchBar.swift */ = {isa = PBXFileReference; lastKnownFileType = sourcecode.swift; path = SearchBar.swift; sourceTree = "<group>"; };
		9861C25725CA0E060056772B /* ViewControllerResolver.swift */ = {isa = PBXFileReference; lastKnownFileType = sourcecode.swift; path = ViewControllerResolver.swift; sourceTree = "<group>"; };
		9861C25A25CA23A10056772B /* CheckBoxField.swift */ = {isa = PBXFileReference; lastKnownFileType = sourcecode.swift; path = CheckBoxField.swift; sourceTree = "<group>"; };
		9871C39D26004B3E00A63B8D /* PolicyData.swift */ = {isa = PBXFileReference; lastKnownFileType = sourcecode.swift; path = PolicyData.swift; sourceTree = "<group>"; };
		988B25FC264FD8E600B01D36 /* varela.ttf */ = {isa = PBXFileReference; lastKnownFileType = file; path = varela.ttf; sourceTree = "<group>"; };
		988B25FF264FDBEA00B01D36 /* optima.ttf */ = {isa = PBXFileReference; lastKnownFileType = file; path = optima.ttf; sourceTree = "<group>"; };
		988B2606264FDD8E00B01D36 /* cabin.ttf */ = {isa = PBXFileReference; lastKnownFileType = file; path = cabin.ttf; sourceTree = "<group>"; };
		9896D08525D08B7C008C1BC6 /* Colors.xcassets */ = {isa = PBXFileReference; lastKnownFileType = folder.assetcatalog; path = Colors.xcassets; sourceTree = "<group>"; };
		9897AAD325CB800100BC82A4 /* GeneralInfoView.swift */ = {isa = PBXFileReference; lastKnownFileType = sourcecode.swift; path = GeneralInfoView.swift; sourceTree = "<group>"; };
		9897AAD625CB801E00BC82A4 /* UsefulWebsiteView.swift */ = {isa = PBXFileReference; lastKnownFileType = sourcecode.swift; path = UsefulWebsiteView.swift; sourceTree = "<group>"; };
		9897AAD925CB802D00BC82A4 /* PoliciesView.swift */ = {isa = PBXFileReference; lastKnownFileType = sourcecode.swift; path = PoliciesView.swift; sourceTree = "<group>"; };
		9897AADC25CB803800BC82A4 /* MenuPlanningView.swift */ = {isa = PBXFileReference; lastKnownFileType = sourcecode.swift; path = MenuPlanningView.swift; sourceTree = "<group>"; };
		9897AAE025CB807300BC82A4 /* ActivitiesView.swift */ = {isa = PBXFileReference; lastKnownFileType = sourcecode.swift; path = ActivitiesView.swift; sourceTree = "<group>"; };
		98BB2FC925F8483A0021FDEC /* ActivityData.swift */ = {isa = PBXFileReference; lastKnownFileType = sourcecode.swift; path = ActivityData.swift; sourceTree = "<group>"; };
		98CFC63F25DB7AAE0081F0D0 /* EmailHelper.swift */ = {isa = PBXFileReference; lastKnownFileType = sourcecode.swift; path = EmailHelper.swift; sourceTree = "<group>"; };
/* End PBXFileReference section */

/* Begin PBXFrameworksBuildPhase section */
		980E130C25C3A7C8009F8489 /* Frameworks */ = {
			isa = PBXFrameworksBuildPhase;
			buildActionMask = 2147483647;
			files = (
			);
			runOnlyForDeploymentPostprocessing = 0;
		};
/* End PBXFrameworksBuildPhase section */

/* Begin PBXGroup section */
		980E130625C3A7C8009F8489 = {
			isa = PBXGroup;
			children = (
				980E131125C3A7C8009F8489 /* ESPS */,
				980E131025C3A7C8009F8489 /* Products */,
			);
			sourceTree = "<group>";
		};
		980E131025C3A7C8009F8489 /* Products */ = {
			isa = PBXGroup;
			children = (
				980E130F25C3A7C8009F8489 /* ESPS.app */,
			);
			name = Products;
			sourceTree = "<group>";
		};
		980E131125C3A7C8009F8489 /* ESPS */ = {
			isa = PBXGroup;
			children = (
				988B25FB264FD89A00B01D36 /* Font */,
				9897AADF25CB806200BC82A4 /* Activities */,
				9897AACD25CB7A1400BC82A4 /* General Info */,
				9897AACC25CB7A0300BC82A4 /* Useful Websites */,
				9897AACB25CB79E800BC82A4 /* Policies */,
				9897AACA25CB79DE00BC82A4 /* Menu Planning */,
				9815A7EE25C8AFA500A66C58 /* Recipes */,
				980E131225C3A7C8009F8489 /* ESPSApp.swift */,
				980E131425C3A7C8009F8489 /* ContentView.swift */,
				980E131625C3A7CB009F8489 /* Assets.xcassets */,
				9896D08525D08B7C008C1BC6 /* Colors.xcassets */,
				980E131B25C3A7CB009F8489 /* Info.plist */,
				980E131825C3A7CB009F8489 /* Preview Content */,
				9861C25425CA08CF0056772B /* SearchBar.swift */,
				9861C25725CA0E060056772B /* ViewControllerResolver.swift */,
				9861C25A25CA23A10056772B /* CheckBoxField.swift */,
			);
			path = ESPS;
			sourceTree = "<group>";
		};
		980E131825C3A7CB009F8489 /* Preview Content */ = {
			isa = PBXGroup;
			children = (
				980E131925C3A7CB009F8489 /* Preview Assets.xcassets */,
			);
			path = "Preview Content";
			sourceTree = "<group>";
		};
		9815A7EE25C8AFA500A66C58 /* Recipes */ = {
			isa = PBXGroup;
			children = (
				980E132525C3E6CA009F8489 /* RecipesView.swift */,
				9815A7EF25C8AFC700A66C58 /* RecipesData.swift */,
				9815A7F225C8AFD200A66C58 /* RecipeDetails.swift */,
			);
			path = Recipes;
			sourceTree = "<group>";
		};
		988B25FB264FD89A00B01D36 /* Font */ = {
			isa = PBXGroup;
			children = (
				988B2606264FDD8E00B01D36 /* cabin.ttf */,
				988B25FF264FDBEA00B01D36 /* optima.ttf */,
				988B25FC264FD8E600B01D36 /* varela.ttf */,
			);
			path = Font;
			sourceTree = "<group>";
		};
		9897AACA25CB79DE00BC82A4 /* Menu Planning */ = {
			isa = PBXGroup;
			children = (
				9897AADC25CB803800BC82A4 /* MenuPlanningView.swift */,
			);
			path = "Menu Planning";
			sourceTree = "<group>";
		};
		9897AACB25CB79E800BC82A4 /* Policies */ = {
			isa = PBXGroup;
			children = (
				9897AAD925CB802D00BC82A4 /* PoliciesView.swift */,
				98CFC63F25DB7AAE0081F0D0 /* EmailHelper.swift */,
				9871C39D26004B3E00A63B8D /* PolicyData.swift */,
			);
			path = Policies;
			sourceTree = "<group>";
		};
		9897AACC25CB7A0300BC82A4 /* Useful Websites */ = {
			isa = PBXGroup;
			children = (
				9897AAD625CB801E00BC82A4 /* UsefulWebsiteView.swift */,
				984DCAFC25DF797F0059531D /* Website.swift */,
			);
			path = "Useful Websites";
			sourceTree = "<group>";
		};
		9897AACD25CB7A1400BC82A4 /* General Info */ = {
			isa = PBXGroup;
			children = (
				9897AAD325CB800100BC82A4 /* GeneralInfoView.swift */,
			);
			path = "General Info";
			sourceTree = "<group>";
		};
		9897AADF25CB806200BC82A4 /* Activities */ = {
			isa = PBXGroup;
			children = (
				9897AAE025CB807300BC82A4 /* ActivitiesView.swift */,
				98BB2FC925F8483A0021FDEC /* ActivityData.swift */,
				984932A625FB27AC0093BDF9 /* ActivityDetailsView.swift */,
			);
			path = Activities;
			sourceTree = "<group>";
		};
/* End PBXGroup section */

/* Begin PBXNativeTarget section */
		980E130E25C3A7C8009F8489 /* ESPS */ = {
			isa = PBXNativeTarget;
			buildConfigurationList = 980E131E25C3A7CB009F8489 /* Build configuration list for PBXNativeTarget "ESPS" */;
			buildPhases = (
				980E130B25C3A7C8009F8489 /* Sources */,
				980E130C25C3A7C8009F8489 /* Frameworks */,
				980E130D25C3A7C8009F8489 /* Resources */,
			);
			buildRules = (
			);
			dependencies = (
			);
			name = ESPS;
			productName = ESPS;
			productReference = 980E130F25C3A7C8009F8489 /* ESPS.app */;
			productType = "com.apple.product-type.application";
		};
/* End PBXNativeTarget section */

/* Begin PBXProject section */
		980E130725C3A7C8009F8489 /* Project object */ = {
			isa = PBXProject;
			attributes = {
				LastSwiftUpdateCheck = 1240;
				LastUpgradeCheck = 1240;
				TargetAttributes = {
					980E130E25C3A7C8009F8489 = {
						CreatedOnToolsVersion = 12.4;
					};
				};
			};
			buildConfigurationList = 980E130A25C3A7C8009F8489 /* Build configuration list for PBXProject "ESPS" */;
			compatibilityVersion = "Xcode 9.3";
			developmentRegion = en;
			hasScannedForEncodings = 0;
			knownRegions = (
				en,
				Base,
			);
			mainGroup = 980E130625C3A7C8009F8489;
			productRefGroup = 980E131025C3A7C8009F8489 /* Products */;
			projectDirPath = "";
			projectRoot = "";
			targets = (
				980E130E25C3A7C8009F8489 /* ESPS */,
			);
		};
/* End PBXProject section */

/* Begin PBXResourcesBuildPhase section */
		980E130D25C3A7C8009F8489 /* Resources */ = {
			isa = PBXResourcesBuildPhase;
			buildActionMask = 2147483647;
			files = (
				980E131A25C3A7CB009F8489 /* Preview Assets.xcassets in Resources */,
				9896D08625D08B7C008C1BC6 /* Colors.xcassets in Resources */,
				980E131725C3A7CB009F8489 /* Assets.xcassets in Resources */,
				988B25FD264FD8E600B01D36 /* varela.ttf in Resources */,
				988B2600264FDBEA00B01D36 /* optima.ttf in Resources */,
				988B2607264FDD8E00B01D36 /* cabin.ttf in Resources */,
			);
			runOnlyForDeploymentPostprocessing = 0;
		};
/* End PBXResourcesBuildPhase section */

/* Begin PBXSourcesBuildPhase section */
		980E130B25C3A7C8009F8489 /* Sources */ = {
			isa = PBXSourcesBuildPhase;
			buildActionMask = 2147483647;
			files = (
				9871C39E26004B3E00A63B8D /* PolicyData.swift in Sources */,
				9897AAE125CB807300BC82A4 /* ActivitiesView.swift in Sources */,
				9897AADA25CB802D00BC82A4 /* PoliciesView.swift in Sources */,
				9897AAD425CB800100BC82A4 /* GeneralInfoView.swift in Sources */,
				98BB2FCA25F8483A0021FDEC /* ActivityData.swift in Sources */,
				984DCAFD25DF797F0059531D /* Website.swift in Sources */,
				9897AAD725CB801E00BC82A4 /* UsefulWebsiteView.swift in Sources */,
				9815A7F025C8AFC700A66C58 /* RecipesData.swift in Sources */,
				980E131525C3A7C8009F8489 /* ContentView.swift in Sources */,
				980E132625C3E6CA009F8489 /* RecipesView.swift in Sources */,
				9897AADD25CB803800BC82A4 /* MenuPlanningView.swift in Sources */,
				9861C25B25CA23A10056772B /* CheckBoxField.swift in Sources */,
				9815A7F325C8AFD200A66C58 /* RecipeDetails.swift in Sources */,
				9861C25825CA0E060056772B /* ViewControllerResolver.swift in Sources */,
				98CFC64025DB7AAE0081F0D0 /* EmailHelper.swift in Sources */,
				9861C25525CA08CF0056772B /* SearchBar.swift in Sources */,
				980E131325C3A7C8009F8489 /* ESPSApp.swift in Sources */,
				984932A725FB27AC0093BDF9 /* ActivityDetailsView.swift in Sources */,
			);
			runOnlyForDeploymentPostprocessing = 0;
		};
/* End PBXSourcesBuildPhase section */

/* Begin XCBuildConfiguration section */
		980E131C25C3A7CB009F8489 /* Debug */ = {
			isa = XCBuildConfiguration;
			buildSettings = {
				ALWAYS_SEARCH_USER_PATHS = NO;
				CLANG_ANALYZER_NONNULL = YES;
				CLANG_ANALYZER_NUMBER_OBJECT_CONVERSION = YES_AGGRESSIVE;
				CLANG_CXX_LANGUAGE_STANDARD = "gnu++14";
				CLANG_CXX_LIBRARY = "libc++";
				CLANG_ENABLE_MODULES = YES;
				CLANG_ENABLE_OBJC_ARC = YES;
				CLANG_ENABLE_OBJC_WEAK = YES;
				CLANG_WARN_BLOCK_CAPTURE_AUTORELEASING = YES;
				CLANG_WARN_BOOL_CONVERSION = YES;
				CLANG_WARN_COMMA = YES;
				CLANG_WARN_CONSTANT_CONVERSION = YES;
				CLANG_WARN_DEPRECATED_OBJC_IMPLEMENTATIONS = YES;
				CLANG_WARN_DIRECT_OBJC_ISA_USAGE = YES_ERROR;
				CLANG_WARN_DOCUMENTATION_COMMENTS = YES;
				CLANG_WARN_EMPTY_BODY = YES;
				CLANG_WARN_ENUM_CONVERSION = YES;
				CLANG_WARN_INFINITE_RECURSION = YES;
				CLANG_WARN_INT_CONVERSION = YES;
				CLANG_WARN_NON_LITERAL_NULL_CONVERSION = YES;
				CLANG_WARN_OBJC_IMPLICIT_RETAIN_SELF = YES;
				CLANG_WARN_OBJC_LITERAL_CONVERSION = YES;
				CLANG_WARN_OBJC_ROOT_CLASS = YES_ERROR;
				CLANG_WARN_QUOTED_INCLUDE_IN_FRAMEWORK_HEADER = YES;
				CLANG_WARN_RANGE_LOOP_ANALYSIS = YES;
				CLANG_WARN_STRICT_PROTOTYPES = YES;
				CLANG_WARN_SUSPICIOUS_MOVE = YES;
				CLANG_WARN_UNGUARDED_AVAILABILITY = YES_AGGRESSIVE;
				CLANG_WARN_UNREACHABLE_CODE = YES;
				CLANG_WARN__DUPLICATE_METHOD_MATCH = YES;
				COPY_PHASE_STRIP = NO;
				DEBUG_INFORMATION_FORMAT = dwarf;
				ENABLE_STRICT_OBJC_MSGSEND = YES;
				ENABLE_TESTABILITY = YES;
				GCC_C_LANGUAGE_STANDARD = gnu11;
				GCC_DYNAMIC_NO_PIC = NO;
				GCC_NO_COMMON_BLOCKS = YES;
				GCC_OPTIMIZATION_LEVEL = 0;
				GCC_PREPROCESSOR_DEFINITIONS = (
					"DEBUG=1",
					"$(inherited)",
				);
				GCC_WARN_64_TO_32_BIT_CONVERSION = YES;
				GCC_WARN_ABOUT_RETURN_TYPE = YES_ERROR;
				GCC_WARN_UNDECLARED_SELECTOR = YES;
				GCC_WARN_UNINITIALIZED_AUTOS = YES_AGGRESSIVE;
				GCC_WARN_UNUSED_FUNCTION = YES;
				GCC_WARN_UNUSED_VARIABLE = YES;
				IPHONEOS_DEPLOYMENT_TARGET = 14.4;
				MTL_ENABLE_DEBUG_INFO = INCLUDE_SOURCE;
				MTL_FAST_MATH = YES;
				ONLY_ACTIVE_ARCH = YES;
				SDKROOT = iphoneos;
				SWIFT_ACTIVE_COMPILATION_CONDITIONS = DEBUG;
				SWIFT_OPTIMIZATION_LEVEL = "-Onone";
			};
			name = Debug;
		};
		980E131D25C3A7CB009F8489 /* Release */ = {
			isa = XCBuildConfiguration;
			buildSettings = {
				ALWAYS_SEARCH_USER_PATHS = NO;
				CLANG_ANALYZER_NONNULL = YES;
				CLANG_ANALYZER_NUMBER_OBJECT_CONVERSION = YES_AGGRESSIVE;
				CLANG_CXX_LANGUAGE_STANDARD = "gnu++14";
				CLANG_CXX_LIBRARY = "libc++";
				CLANG_ENABLE_MODULES = YES;
				CLANG_ENABLE_OBJC_ARC = YES;
				CLANG_ENABLE_OBJC_WEAK = YES;
				CLANG_WARN_BLOCK_CAPTURE_AUTORELEASING = YES;
				CLANG_WARN_BOOL_CONVERSION = YES;
				CLANG_WARN_COMMA = YES;
				CLANG_WARN_CONSTANT_CONVERSION = YES;
				CLANG_WARN_DEPRECATED_OBJC_IMPLEMENTATIONS = YES;
				CLANG_WARN_DIRECT_OBJC_ISA_USAGE = YES_ERROR;
				CLANG_WARN_DOCUMENTATION_COMMENTS = YES;
				CLANG_WARN_EMPTY_BODY = YES;
				CLANG_WARN_ENUM_CONVERSION = YES;
				CLANG_WARN_INFINITE_RECURSION = YES;
				CLANG_WARN_INT_CONVERSION = YES;
				CLANG_WARN_NON_LITERAL_NULL_CONVERSION = YES;
				CLANG_WARN_OBJC_IMPLICIT_RETAIN_SELF = YES;
				CLANG_WARN_OBJC_LITERAL_CONVERSION = YES;
				CLANG_WARN_OBJC_ROOT_CLASS = YES_ERROR;
				CLANG_WARN_QUOTED_INCLUDE_IN_FRAMEWORK_HEADER = YES;
				CLANG_WARN_RANGE_LOOP_ANALYSIS = YES;
				CLANG_WARN_STRICT_PROTOTYPES = YES;
				CLANG_WARN_SUSPICIOUS_MOVE = YES;
				CLANG_WARN_UNGUARDED_AVAILABILITY = YES_AGGRESSIVE;
				CLANG_WARN_UNREACHABLE_CODE = YES;
				CLANG_WARN__DUPLICATE_METHOD_MATCH = YES;
				COPY_PHASE_STRIP = NO;
				DEBUG_INFORMATION_FORMAT = "dwarf-with-dsym";
				ENABLE_NS_ASSERTIONS = NO;
				ENABLE_STRICT_OBJC_MSGSEND = YES;
				GCC_C_LANGUAGE_STANDARD = gnu11;
				GCC_NO_COMMON_BLOCKS = YES;
				GCC_WARN_64_TO_32_BIT_CONVERSION = YES;
				GCC_WARN_ABOUT_RETURN_TYPE = YES_ERROR;
				GCC_WARN_UNDECLARED_SELECTOR = YES;
				GCC_WARN_UNINITIALIZED_AUTOS = YES_AGGRESSIVE;
				GCC_WARN_UNUSED_FUNCTION = YES;
				GCC_WARN_UNUSED_VARIABLE = YES;
				IPHONEOS_DEPLOYMENT_TARGET = 14.4;
				MTL_ENABLE_DEBUG_INFO = NO;
				MTL_FAST_MATH = YES;
				SDKROOT = iphoneos;
				SWIFT_COMPILATION_MODE = wholemodule;
				SWIFT_OPTIMIZATION_LEVEL = "-O";
				VALIDATE_PRODUCT = YES;
			};
			name = Release;
		};
		980E131F25C3A7CB009F8489 /* Debug */ = {
			isa = XCBuildConfiguration;
			buildSettings = {
				ASSETCATALOG_COMPILER_APPICON_NAME = AppIcon;
				ASSETCATALOG_COMPILER_GLOBAL_ACCENT_COLOR_NAME = AccentColor;
				CODE_SIGN_STYLE = Automatic;
				DEVELOPMENT_ASSET_PATHS = "\"ESPS/Preview Content\"";
				ENABLE_PREVIEWS = YES;
				INFOPLIST_FILE = ESPS/Info.plist;
				IPHONEOS_DEPLOYMENT_TARGET = 14.0;
				LD_RUNPATH_SEARCH_PATHS = (
					"$(inherited)",
					"@executable_path/Frameworks",
				);
				PRODUCT_BUNDLE_IDENTIFIER = earlystart.ESPS;
				PRODUCT_NAME = "$(TARGET_NAME)";
				SWIFT_VERSION = 5.0;
				TARGETED_DEVICE_FAMILY = "1,2";
			};
			name = Debug;
		};
		980E132025C3A7CB009F8489 /* Release */ = {
			isa = XCBuildConfiguration;
			buildSettings = {
				ASSETCATALOG_COMPILER_APPICON_NAME = AppIcon;
				ASSETCATALOG_COMPILER_GLOBAL_ACCENT_COLOR_NAME = AccentColor;
				CODE_SIGN_STYLE = Automatic;
				DEVELOPMENT_ASSET_PATHS = "\"ESPS/Preview Content\"";
				ENABLE_PREVIEWS = YES;
				INFOPLIST_FILE = ESPS/Info.plist;
				IPHONEOS_DEPLOYMENT_TARGET = 14.0;
				LD_RUNPATH_SEARCH_PATHS = (
					"$(inherited)",
					"@executable_path/Frameworks",
				);
				PRODUCT_BUNDLE_IDENTIFIER = earlystart.ESPS;
				PRODUCT_NAME = "$(TARGET_NAME)";
				SWIFT_VERSION = 5.0;
				TARGETED_DEVICE_FAMILY = "1,2";
			};
			name = Release;
		};
/* End XCBuildConfiguration section */

/* Begin XCConfigurationList section */
		980E130A25C3A7C8009F8489 /* Build configuration list for PBXProject "ESPS" */ = {
			isa = XCConfigurationList;
			buildConfigurations = (
				980E131C25C3A7CB009F8489 /* Debug */,
				980E131D25C3A7CB009F8489 /* Release */,
			);
			defaultConfigurationIsVisible = 0;
			defaultConfigurationName = Release;
		};
		980E131E25C3A7CB009F8489 /* Build configuration list for PBXNativeTarget "ESPS" */ = {
			isa = XCConfigurationList;
			buildConfigurations = (
				980E131F25C3A7CB009F8489 /* Debug */,
				980E132025C3A7CB009F8489 /* Release */,
			);
			defaultConfigurationIsVisible = 0;
			defaultConfigurationName = Release;
		};
/* End XCConfigurationList section */
	};
	rootObject = 980E130725C3A7C8009F8489 /* Project object */;
}
